
Microsoft Visual Studio Solution File, Format Version 12.00
# Visual Studio 15
VisualStudioVersion = 15.0.26730.12
MinimumVisualStudioVersion = 10.0.40219.1
Project("{2150E333-8FDC-42A3-9474-1A3956D46DE8}") = "Feature", "Feature", "{17DD5718-6E13-4F2C-9738-B410396D4552}"
EndProject
Project("{2150E333-8FDC-42A3-9474-1A3956D46DE8}") = "Foundation", "Foundation", "{4FDA1DCD-D33E-447E-91C1-F4AE818E2CF0}"
EndProject
Project("{2150E333-8FDC-42A3-9474-1A3956D46DE8}") = "Project", "Project", "{15D97D61-D597-42EC-B7E9-E9EC8130E630}"
EndProject
Project("{2150E333-8FDC-42A3-9474-1A3956D46DE8}") = "Configuration", "Configuration", "{ADCA10F7-A1D2-407B-8074-60418168C02E}"
	ProjectSection(SolutionItems) = preProject
		.editorconfig = .editorconfig
		.gitattributes = .gitattributes
		.gitignore = .gitignore
		nuget.config = nuget.config
		README.md = README.md
	EndProjectSection
EndProject
Project("{2150E333-8FDC-42A3-9474-1A3956D46DE8}") = "Documentation", "Documentation", "{DAFED8F5-6CBD-4384-AAD6-DC3BCCF24911}"
	ProjectSection(SolutionItems) = preProject
		documentation\README.md = documentation\README.md
	EndProjectSection
EndProject
Project("{2150E333-8FDC-42A3-9474-1A3956D46DE8}") = "images", "images", "{D27C83D2-2EAF-4E44-A1ED-2B3C2EBB5854}"
	ProjectSection(SolutionItems) = preProject
		documentation\images\deal-with-it.gif = documentation\images\deal-with-it.gif
		documentation\images\hackathon.png = documentation\images\hackathon.png
	EndProjectSection
EndProject
Project("{2150E333-8FDC-42A3-9474-1A3956D46DE8}") = "Multiselect", "Multiselect", "{B5776E54-44A9-43B5-8367-4ABBB5C63557}"
EndProject
Project("{FAE04EC0-301F-11D3-BF4B-00C04F79EFBC}") = "Hackathon.Boilerplate.Feature.Multiselect", "src\Feature\Multiselect\code\Hackathon.Boilerplate.Feature.Multiselect.csproj", "{9E343D4B-350B-45C2-A2E3-8C226F0329F1}"
EndProject
Project("{2150E333-8FDC-42A3-9474-1A3956D46DE8}") = "Demo", "Demo", "{C4FA68BF-1F56-49E0-A697-868021095158}"
EndProject
Project("{FAE04EC0-301F-11D3-BF4B-00C04F79EFBC}") = "Hackathon.Boilerplate.Project.Demo", "src\Project\Demo\code\Hackathon.Boilerplate.Project.Demo.csproj", "{1C0070B1-5AE6-4855-B9FC-40AF0D3B1208}"
EndProject
Project("{2150E333-8FDC-42A3-9474-1A3956D46DE8}") = "Serialization", "Serialization", "{111EEEE4-3582-41C1-8EC0-A1F2CB28CF56}"
EndProject
Project("{FAE04EC0-301F-11D3-BF4B-00C04F79EFBC}") = "Hackathon.Boilerplate.Foundation.Serialization", "src\Foundation\Serialization\code\Hackathon.Boilerplate.Foundation.Serialization.csproj", "{E298369E-4ABD-4A68-AA70-E4223DCA5617}"
EndProject
Global
	GlobalSection(SolutionConfigurationPlatforms) = preSolution
		Debug|Any CPU = Debug|Any CPU
		Release|Any CPU = Release|Any CPU
	EndGlobalSection
	GlobalSection(ProjectConfigurationPlatforms) = postSolution
		{9E343D4B-350B-45C2-A2E3-8C226F0329F1}.Debug|Any CPU.ActiveCfg = Debug|Any CPU
		{9E343D4B-350B-45C2-A2E3-8C226F0329F1}.Debug|Any CPU.Build.0 = Debug|Any CPU
		{9E343D4B-350B-45C2-A2E3-8C226F0329F1}.Release|Any CPU.ActiveCfg = Release|Any CPU
		{9E343D4B-350B-45C2-A2E3-8C226F0329F1}.Release|Any CPU.Build.0 = Release|Any CPU
		{1C0070B1-5AE6-4855-B9FC-40AF0D3B1208}.Debug|Any CPU.ActiveCfg = Debug|Any CPU
		{1C0070B1-5AE6-4855-B9FC-40AF0D3B1208}.Debug|Any CPU.Build.0 = Debug|Any CPU
		{1C0070B1-5AE6-4855-B9FC-40AF0D3B1208}.Release|Any CPU.ActiveCfg = Release|Any CPU
		{1C0070B1-5AE6-4855-B9FC-40AF0D3B1208}.Release|Any CPU.Build.0 = Release|Any CPU
		{E298369E-4ABD-4A68-AA70-E4223DCA5617}.Debug|Any CPU.ActiveCfg = Debug|Any CPU
		{E298369E-4ABD-4A68-AA70-E4223DCA5617}.Debug|Any CPU.Build.0 = Debug|Any CPU
		{E298369E-4ABD-4A68-AA70-E4223DCA5617}.Release|Any CPU.ActiveCfg = Release|Any CPU
		{E298369E-4ABD-4A68-AA70-E4223DCA5617}.Release|Any CPU.Build.0 = Release|Any CPU
	EndGlobalSection
	GlobalSection(SolutionProperties) = preSolution
		HideSolutionNode = FALSE
	EndGlobalSection
	GlobalSection(NestedProjects) = preSolution
		{D27C83D2-2EAF-4E44-A1ED-2B3C2EBB5854} = {DAFED8F5-6CBD-4384-AAD6-DC3BCCF24911}
		{B5776E54-44A9-43B5-8367-4ABBB5C63557} = {17DD5718-6E13-4F2C-9738-B410396D4552}
		{9E343D4B-350B-45C2-A2E3-8C226F0329F1} = {B5776E54-44A9-43B5-8367-4ABBB5C63557}
		{C4FA68BF-1F56-49E0-A697-868021095158} = {15D97D61-D597-42EC-B7E9-E9EC8130E630}
		{1C0070B1-5AE6-4855-B9FC-40AF0D3B1208} = {C4FA68BF-1F56-49E0-A697-868021095158}
		{111EEEE4-3582-41C1-8EC0-A1F2CB28CF56} = {4FDA1DCD-D33E-447E-91C1-F4AE818E2CF0}
		{E298369E-4ABD-4A68-AA70-E4223DCA5617} = {111EEEE4-3582-41C1-8EC0-A1F2CB28CF56}
	EndGlobalSection
	GlobalSection(ExtensibilityGlobals) = postSolution
		SolutionGuid = {311DA37D-528B-43B2-A99B-E7253F841D46}
	EndGlobalSection
EndGlobal
